
Microsoft Visual Studio Solution File, Format Version 12.00
# Visual Studio Version 17
VisualStudioVersion = 17.0.31903.59
MinimumVisualStudioVersion = 10.0.40219.1
Project("{FAE04EC0-301F-11D3-BF4B-00C04F79EFBC}") = "TestProject1", "TestProject1\TestProject1.csproj", "{BA19E318-7612-42E7-AF4E-179077CB01E6}"
EndProject
Global
	GlobalSection(SolutionConfigurationPlatforms) = preSolution
		Debug|Any CPU = Debug|Any CPU
		Release|Any CPU = Release|Any CPU
	EndGlobalSection
	GlobalSection(SolutionProperties) = preSolution
		HideSolutionNode = FALSE
	EndGlobalSection
	GlobalSection(ProjectConfigurationPlatforms) = postSolution
		{BA19E318-7612-42E7-AF4E-179077CB01E6}.Debug|Any CPU.ActiveCfg = Debug|Any CPU
		{BA19E318-7612-42E7-AF4E-179077CB01E6}.Debug|Any CPU.Build.0 = Debug|Any CPU
		{BA19E318-7612-42E7-AF4E-179077CB01E6}.Release|Any CPU.ActiveCfg = Release|Any CPU
		{BA19E318-7612-42E7-AF4E-179077CB01E6}.Release|Any CPU.Build.0 = Release|Any CPU
	EndGlobalSection
EndGlobal
